PODS:
  - DropDown (2.3.13)
  - IQKeyboardManagerSwift (7.0.3)

DEPENDENCIES:
  - DropDown
  - IQKeyboardManagerSwift

SPEC REPOS:
  trunk:
    - DropDown
    - IQKeyboardManagerSwift

SPEC CHECKSUMS:
  DropDown: 8a2116376c1981888557f72ec2ffc9a5e0e456ec
  IQKeyboardManagerSwift: f9c5dc36cba16ddd2e51fa7d51c34a2e083029b5

PODFILE CHECKSUM: b1fd53ee02bc0e361521da1a7538a02914ae21b6

COCOAPODS: 1.15.2
